
Microsoft Visual Studio Solution File, Format Version 12.00
# Visual Studio Version 16
VisualStudioVersion = 16.0.31321.278
MinimumVisualStudioVersion = 10.0.40219.1
Project("{FAE04EC0-301F-11D3-BF4B-00C04F79EFBC}") = "Ahorcado", "Ahorcado.csproj", "{A1C1E144-5AEC-4C4B-B642-B7E7326D59A6}"
EndProject
Project("{FAE04EC0-301F-11D3-BF4B-00C04F79EFBC}") = "TestAhorcado", "..\TestAhorcado\TestAhorcado.csproj", "{930D9818-1432-420A-9D43-85216CFAB8AC}"
EndProject
Global
	GlobalSection(SolutionConfigurationPlatforms) = preSolution
		Debug|Any CPU = Debug|Any CPU
		Release|Any CPU = Release|Any CPU
	EndGlobalSection
	GlobalSection(ProjectConfigurationPlatforms) = postSolution
		{A1C1E144-5AEC-4C4B-B642-B7E7326D59A6}.Debug|Any CPU.ActiveCfg = Debug|Any CPU
		{A1C1E144-5AEC-4C4B-B642-B7E7326D59A6}.Debug|Any CPU.Build.0 = Debug|Any CPU
		{A1C1E144-5AEC-4C4B-B642-B7E7326D59A6}.Release|Any CPU.ActiveCfg = Release|Any CPU
		{A1C1E144-5AEC-4C4B-B642-B7E7326D59A6}.Release|Any CPU.Build.0 = Release|Any CPU
		{930D9818-1432-420A-9D43-85216CFAB8AC}.Debug|Any CPU.ActiveCfg = Debug|Any CPU
		{930D9818-1432-420A-9D43-85216CFAB8AC}.Debug|Any CPU.Build.0 = Debug|Any CPU
		{930D9818-1432-420A-9D43-85216CFAB8AC}.Release|Any CPU.ActiveCfg = Release|Any CPU
		{930D9818-1432-420A-9D43-85216CFAB8AC}.Release|Any CPU.Build.0 = Release|Any CPU
	EndGlobalSection
	GlobalSection(SolutionProperties) = preSolution
		HideSolutionNode = FALSE
	EndGlobalSection
	GlobalSection(ExtensibilityGlobals) = postSolution
		SolutionGuid = {C256A046-FC1F-4AFC-9E69-0BF06D0A1094}
	EndGlobalSection
EndGlobal
